
Microsoft Visual Studio Solution File, Format Version 12.00
# Visual Studio Version 16
VisualStudioVersion = 16.0.810.14
MinimumVisualStudioVersion = 10.0.40219.1
Project("{FAE04EC0-301F-11D3-BF4B-00C04F79EFBC}") = "HW_2", "HW_2\HW_2.csproj", "{74688A9D-4C87-4F7B-AC8F-9EAC5AFCCE6E}"
EndProject
Global
	GlobalSection(SolutionConfigurationPlatforms) = preSolution
		Debug|Any CPU = Debug|Any CPU
		Release|Any CPU = Release|Any CPU
	EndGlobalSection
	GlobalSection(ProjectConfigurationPlatforms) = postSolution
		{74688A9D-4C87-4F7B-AC8F-9EAC5AFCCE6E}.Debug|Any CPU.ActiveCfg = Debug|Any CPU
		{74688A9D-4C87-4F7B-AC8F-9EAC5AFCCE6E}.Debug|Any CPU.Build.0 = Debug|Any CPU
		{74688A9D-4C87-4F7B-AC8F-9EAC5AFCCE6E}.Release|Any CPU.ActiveCfg = Release|Any CPU
		{74688A9D-4C87-4F7B-AC8F-9EAC5AFCCE6E}.Release|Any CPU.Build.0 = Release|Any CPU
	EndGlobalSection
	GlobalSection(SolutionProperties) = preSolution
		HideSolutionNode = FALSE
	EndGlobalSection
	GlobalSection(ExtensibilityGlobals) = postSolution
		SolutionGuid = {4BEEB7B8-A696-4475-A80A-E82192D12F43}
	EndGlobalSection
EndGlobal
