
Microsoft Visual Studio Solution File, Format Version 12.00
# Visual Studio Version 16
VisualStudioVersion = 16.0.810.8
MinimumVisualStudioVersion = 10.0.40219.1
Project("{FAE04EC0-301F-11D3-BF4B-00C04F79EFBC}") = "Task01", "Task01\Task01.csproj", "{C02723AF-E30A-4E15-9579-3A0688FB840F}"
EndProject
Project("{FAE04EC0-301F-11D3-BF4B-00C04F79EFBC}") = "Task02", "Task02\Task02.csproj", "{A1210557-511F-4FE4-98A8-71DBCF7173C6}"
EndProject
Project("{FAE04EC0-301F-11D3-BF4B-00C04F79EFBC}") = "Task03", "Task03\Task03.csproj", "{32E24891-47D7-42CD-AC0B-0F7A4C0AE9E6}"
EndProject
Project("{FAE04EC0-301F-11D3-BF4B-00C04F79EFBC}") = "Task04", "Task04\Task04.csproj", "{5B91F3DC-28EB-4343-A446-FA465327ECDC}"
EndProject
Project("{FAE04EC0-301F-11D3-BF4B-00C04F79EFBC}") = "Task05", "Task05\Task05.csproj", "{BF53613C-E6AC-44CC-B8CC-72497CE6D69A}"
EndProject
Project("{FAE04EC0-301F-11D3-BF4B-00C04F79EFBC}") = "Task06", "Task06\Task06.csproj", "{051EE91D-8F44-484F-8209-1D7699479194}"
EndProject
Project("{FAE04EC0-301F-11D3-BF4B-00C04F79EFBC}") = "Task07", "Task07\Task07.csproj", "{470800BF-FB23-469C-A663-64C38BEF41B6}"
EndProject
Global
	GlobalSection(SolutionConfigurationPlatforms) = preSolution
		Debug|anycpu = Debug|anycpu
		Release|anycpu = Release|anycpu
	EndGlobalSection
	GlobalSection(ProjectConfigurationPlatforms) = postSolution
		{C02723AF-E30A-4E15-9579-3A0688FB840F}.Debug|anycpu.ActiveCfg = Debug|anycpu
		{C02723AF-E30A-4E15-9579-3A0688FB840F}.Debug|anycpu.Build.0 = Debug|anycpu
		{C02723AF-E30A-4E15-9579-3A0688FB840F}.Release|anycpu.ActiveCfg = Release|anycpu
		{C02723AF-E30A-4E15-9579-3A0688FB840F}.Release|anycpu.Build.0 = Release|anycpu
		{A1210557-511F-4FE4-98A8-71DBCF7173C6}.Debug|anycpu.ActiveCfg = Debug|anycpu
		{A1210557-511F-4FE4-98A8-71DBCF7173C6}.Debug|anycpu.Build.0 = Debug|anycpu
		{A1210557-511F-4FE4-98A8-71DBCF7173C6}.Release|anycpu.ActiveCfg = Release|anycpu
		{A1210557-511F-4FE4-98A8-71DBCF7173C6}.Release|anycpu.Build.0 = Release|anycpu
		{32E24891-47D7-42CD-AC0B-0F7A4C0AE9E6}.Debug|anycpu.ActiveCfg = Debug|anycpu
		{32E24891-47D7-42CD-AC0B-0F7A4C0AE9E6}.Debug|anycpu.Build.0 = Debug|anycpu
		{32E24891-47D7-42CD-AC0B-0F7A4C0AE9E6}.Release|anycpu.ActiveCfg = Release|anycpu
		{32E24891-47D7-42CD-AC0B-0F7A4C0AE9E6}.Release|anycpu.Build.0 = Release|anycpu
		{5B91F3DC-28EB-4343-A446-FA465327ECDC}.Debug|anycpu.ActiveCfg = Debug|anycpu
		{5B91F3DC-28EB-4343-A446-FA465327ECDC}.Debug|anycpu.Build.0 = Debug|anycpu
		{5B91F3DC-28EB-4343-A446-FA465327ECDC}.Release|anycpu.ActiveCfg = Release|anycpu
		{5B91F3DC-28EB-4343-A446-FA465327ECDC}.Release|anycpu.Build.0 = Release|anycpu
		{BF53613C-E6AC-44CC-B8CC-72497CE6D69A}.Debug|anycpu.ActiveCfg = Debug|Any CPU
		{BF53613C-E6AC-44CC-B8CC-72497CE6D69A}.Debug|anycpu.Build.0 = Debug|Any CPU
		{BF53613C-E6AC-44CC-B8CC-72497CE6D69A}.Release|anycpu.ActiveCfg = Release|Any CPU
		{BF53613C-E6AC-44CC-B8CC-72497CE6D69A}.Release|anycpu.Build.0 = Release|Any CPU
		{051EE91D-8F44-484F-8209-1D7699479194}.Debug|anycpu.ActiveCfg = Debug|Any CPU
		{051EE91D-8F44-484F-8209-1D7699479194}.Debug|anycpu.Build.0 = Debug|Any CPU
		{051EE91D-8F44-484F-8209-1D7699479194}.Release|anycpu.ActiveCfg = Release|Any CPU
		{051EE91D-8F44-484F-8209-1D7699479194}.Release|anycpu.Build.0 = Release|Any CPU
		{470800BF-FB23-469C-A663-64C38BEF41B6}.Debug|anycpu.ActiveCfg = Debug|Any CPU
		{470800BF-FB23-469C-A663-64C38BEF41B6}.Debug|anycpu.Build.0 = Debug|Any CPU
		{470800BF-FB23-469C-A663-64C38BEF41B6}.Release|anycpu.ActiveCfg = Release|Any CPU
		{470800BF-FB23-469C-A663-64C38BEF41B6}.Release|anycpu.Build.0 = Release|Any CPU
	EndGlobalSection
	GlobalSection(SolutionProperties) = preSolution
		HideSolutionNode = FALSE
	EndGlobalSection
	GlobalSection(ExtensibilityGlobals) = postSolution
		SolutionGuid = {CAF7A978-02F6-4CE1-85A9-E2DE8A058F0A}
	EndGlobalSection
EndGlobal
