
Microsoft Visual Studio Solution File, Format Version 12.00
# Visual Studio Version 16
VisualStudioVersion = 16.0.810.14
MinimumVisualStudioVersion = 10.0.40219.1
Project("{FAE04EC0-301F-11D3-BF4B-00C04F79EFBC}") = "HW_7", "HW_7\HW_7.csproj", "{8F0A3284-9101-41C1-B6A3-E31FA6B7D161}"
EndProject
Global
	GlobalSection(SolutionConfigurationPlatforms) = preSolution
		Debug|Any CPU = Debug|Any CPU
		Release|Any CPU = Release|Any CPU
	EndGlobalSection
	GlobalSection(ProjectConfigurationPlatforms) = postSolution
		{8F0A3284-9101-41C1-B6A3-E31FA6B7D161}.Debug|Any CPU.ActiveCfg = Debug|Any CPU
		{8F0A3284-9101-41C1-B6A3-E31FA6B7D161}.Debug|Any CPU.Build.0 = Debug|Any CPU
		{8F0A3284-9101-41C1-B6A3-E31FA6B7D161}.Release|Any CPU.ActiveCfg = Release|Any CPU
		{8F0A3284-9101-41C1-B6A3-E31FA6B7D161}.Release|Any CPU.Build.0 = Release|Any CPU
	EndGlobalSection
	GlobalSection(SolutionProperties) = preSolution
		HideSolutionNode = FALSE
	EndGlobalSection
	GlobalSection(ExtensibilityGlobals) = postSolution
		SolutionGuid = {92FBBBDB-634F-492C-9A62-C3C7E381ED6F}
	EndGlobalSection
EndGlobal
