
Microsoft Visual Studio Solution File, Format Version 12.00
# Visual Studio Version 16
VisualStudioVersion = 16.0.810.8
MinimumVisualStudioVersion = 10.0.40219.1
Project("{FAE04EC0-301F-11D3-BF4B-00C04F79EFBC}") = "Task01", "Task01\Task01.csproj", "{30EEAC86-4D22-4F06-8006-F76170E2739F}"
EndProject
Global
	GlobalSection(SolutionConfigurationPlatforms) = preSolution
		Debug|anycpu = Debug|anycpu
		Release|anycpu = Release|anycpu
	EndGlobalSection
	GlobalSection(ProjectConfigurationPlatforms) = postSolution
		{30EEAC86-4D22-4F06-8006-F76170E2739F}.Debug|anycpu.ActiveCfg = Debug|anycpu
		{30EEAC86-4D22-4F06-8006-F76170E2739F}.Debug|anycpu.Build.0 = Debug|anycpu
		{30EEAC86-4D22-4F06-8006-F76170E2739F}.Release|anycpu.ActiveCfg = Release|anycpu
		{30EEAC86-4D22-4F06-8006-F76170E2739F}.Release|anycpu.Build.0 = Release|anycpu
	EndGlobalSection
	GlobalSection(SolutionProperties) = preSolution
		HideSolutionNode = FALSE
	EndGlobalSection
	GlobalSection(ExtensibilityGlobals) = postSolution
		SolutionGuid = {1AADABF0-DD3B-404F-B1E4-C818A9C9FE14}
	EndGlobalSection
EndGlobal
