
Microsoft Visual Studio Solution File, Format Version 12.00
Project("{FAE04EC0-301F-11D3-BF4B-00C04F79EFBC}") = "CW_17", "CW_17\CW_17.csproj", "{AE117BEF-B591-4464-BB50-37D256FB01C0}"
EndProject
Project("{FAE04EC0-301F-11D3-BF4B-00C04F79EFBC}") = "DbTest", "DbTest\DbTest.csproj", "{DC9B5725-9087-42E4-99D2-2CDD092CCF2E}"
EndProject
Global
	GlobalSection(SolutionConfigurationPlatforms) = preSolution
		Debug|Any CPU = Debug|Any CPU
		Release|Any CPU = Release|Any CPU
	EndGlobalSection
	GlobalSection(ProjectConfigurationPlatforms) = postSolution
		{AE117BEF-B591-4464-BB50-37D256FB01C0}.Debug|Any CPU.ActiveCfg = Debug|Any CPU
		{AE117BEF-B591-4464-BB50-37D256FB01C0}.Debug|Any CPU.Build.0 = Debug|Any CPU
		{AE117BEF-B591-4464-BB50-37D256FB01C0}.Release|Any CPU.ActiveCfg = Release|Any CPU
		{AE117BEF-B591-4464-BB50-37D256FB01C0}.Release|Any CPU.Build.0 = Release|Any CPU
		{DC9B5725-9087-42E4-99D2-2CDD092CCF2E}.Debug|Any CPU.ActiveCfg = Debug|Any CPU
		{DC9B5725-9087-42E4-99D2-2CDD092CCF2E}.Debug|Any CPU.Build.0 = Debug|Any CPU
		{DC9B5725-9087-42E4-99D2-2CDD092CCF2E}.Release|Any CPU.ActiveCfg = Release|Any CPU
		{DC9B5725-9087-42E4-99D2-2CDD092CCF2E}.Release|Any CPU.Build.0 = Release|Any CPU
	EndGlobalSection
EndGlobal
