
Microsoft Visual Studio Solution File, Format Version 12.00
# Visual Studio Version 16
VisualStudioVersion = 16.0.810.14
MinimumVisualStudioVersion = 10.0.40219.1
Project("{FAE04EC0-301F-11D3-BF4B-00C04F79EFBC}") = "Task1", "Task1\Task1.csproj", "{8322A784-7228-485F-AC20-6ED3A4C594E0}"
EndProject
Global
	GlobalSection(SolutionConfigurationPlatforms) = preSolution
		Debug|Any CPU = Debug|Any CPU
		Release|Any CPU = Release|Any CPU
	EndGlobalSection
	GlobalSection(ProjectConfigurationPlatforms) = postSolution
		{8322A784-7228-485F-AC20-6ED3A4C594E0}.Debug|Any CPU.ActiveCfg = Debug|Any CPU
		{8322A784-7228-485F-AC20-6ED3A4C594E0}.Debug|Any CPU.Build.0 = Debug|Any CPU
		{8322A784-7228-485F-AC20-6ED3A4C594E0}.Release|Any CPU.ActiveCfg = Release|Any CPU
		{8322A784-7228-485F-AC20-6ED3A4C594E0}.Release|Any CPU.Build.0 = Release|Any CPU
	EndGlobalSection
	GlobalSection(SolutionProperties) = preSolution
		HideSolutionNode = FALSE
	EndGlobalSection
	GlobalSection(ExtensibilityGlobals) = postSolution
		SolutionGuid = {81594295-E22D-493F-8BFA-2D1AA7E4E6BF}
	EndGlobalSection
EndGlobal
