
Microsoft Visual Studio Solution File, Format Version 12.00
# Visual Studio Version 16
VisualStudioVersion = 16.0.810.10
MinimumVisualStudioVersion = 10.0.40219.1
Project("{FAE04EC0-301F-11D3-BF4B-00C04F79EFBC}") = "Task01", "Task01\Task01.csproj", "{52CD4EA2-01AF-448A-920C-12FF652A610E}"
EndProject
Global
	GlobalSection(SolutionConfigurationPlatforms) = preSolution
		Debug|Any CPU = Debug|Any CPU
		Release|Any CPU = Release|Any CPU
	EndGlobalSection
	GlobalSection(ProjectConfigurationPlatforms) = postSolution
		{52CD4EA2-01AF-448A-920C-12FF652A610E}.Debug|Any CPU.ActiveCfg = Debug|Any CPU
		{52CD4EA2-01AF-448A-920C-12FF652A610E}.Debug|Any CPU.Build.0 = Debug|Any CPU
		{52CD4EA2-01AF-448A-920C-12FF652A610E}.Release|Any CPU.ActiveCfg = Release|Any CPU
		{52CD4EA2-01AF-448A-920C-12FF652A610E}.Release|Any CPU.Build.0 = Release|Any CPU
	EndGlobalSection
	GlobalSection(SolutionProperties) = preSolution
		HideSolutionNode = FALSE
	EndGlobalSection
	GlobalSection(ExtensibilityGlobals) = postSolution
		SolutionGuid = {7DFB3290-4356-44A0-B092-CFDCAA372F02}
	EndGlobalSection
EndGlobal
